
Microsoft Visual Studio Solution File, Format Version 12.00
# Visual Studio Version 17
VisualStudioVersion = 17.4.33213.308
MinimumVisualStudioVersion = 10.0.40219.1
Project("{9A19103F-16F7-4668-BE54-9A1E7A4F7556}") = "ParkingLot", "ParkingLot\ParkingLot.csproj", "{FE1DBF99-3979-4A36-9230-D176ABA0769D}"
EndProject
Project("{9A19103F-16F7-4668-BE54-9A1E7A4F7556}") = "ParkingLot.Models", "ParkingLot.Models\ParkingLot.Models.csproj", "{9E53CB6A-E45E-4927-AC20-DD849FA1488A}"
EndProject
Project("{9A19103F-16F7-4668-BE54-9A1E7A4F7556}") = "ParkingLot.Services", "ParkingLot.Services\ParkingLot.Services.csproj", "{F41007E3-3EB5-4982-BD58-D0336662FE49}"
EndProject
Global
	GlobalSection(SolutionConfigurationPlatforms) = preSolution
		Debug|Any CPU = Debug|Any CPU
		Release|Any CPU = Release|Any CPU
	EndGlobalSection
	GlobalSection(ProjectConfigurationPlatforms) = postSolution
		{FE1DBF99-3979-4A36-9230-D176ABA0769D}.Debug|Any CPU.ActiveCfg = Debug|Any CPU
		{FE1DBF99-3979-4A36-9230-D176ABA0769D}.Debug|Any CPU.Build.0 = Debug|Any CPU
		{FE1DBF99-3979-4A36-9230-D176ABA0769D}.Release|Any CPU.ActiveCfg = Release|Any CPU
		{FE1DBF99-3979-4A36-9230-D176ABA0769D}.Release|Any CPU.Build.0 = Release|Any CPU
		{9E53CB6A-E45E-4927-AC20-DD849FA1488A}.Debug|Any CPU.ActiveCfg = Debug|Any CPU
		{9E53CB6A-E45E-4927-AC20-DD849FA1488A}.Debug|Any CPU.Build.0 = Debug|Any CPU
		{9E53CB6A-E45E-4927-AC20-DD849FA1488A}.Release|Any CPU.ActiveCfg = Release|Any CPU
		{9E53CB6A-E45E-4927-AC20-DD849FA1488A}.Release|Any CPU.Build.0 = Release|Any CPU
		{F41007E3-3EB5-4982-BD58-D0336662FE49}.Debug|Any CPU.ActiveCfg = Debug|Any CPU
		{F41007E3-3EB5-4982-BD58-D0336662FE49}.Debug|Any CPU.Build.0 = Debug|Any CPU
		{F41007E3-3EB5-4982-BD58-D0336662FE49}.Release|Any CPU.ActiveCfg = Release|Any CPU
		{F41007E3-3EB5-4982-BD58-D0336662FE49}.Release|Any CPU.Build.0 = Release|Any CPU
	EndGlobalSection
	GlobalSection(SolutionProperties) = preSolution
		HideSolutionNode = FALSE
	EndGlobalSection
	GlobalSection(ExtensibilityGlobals) = postSolution
		SolutionGuid = {5484C231-467D-4DB8-82A6-4AC0C7F96867}
	EndGlobalSection
EndGlobal
